
Microsoft Visual Studio Solution File, Format Version 10.00
# Visual Studio 2008
Project("{FAE04EC0-301F-11D3-BF4B-00C04F79EFBC}") = "WBFSManager", "WBFS Manager\WBFSManager.csproj", "{8FCC6C95-D3A1-4430-947B-FEC9254821E6}"
EndProject
Project("{54435603-DBB4-11D2-8724-00A0C9A8B90C}") = "WBFSManager1Setup - x86", "WBFSManager1Setup\WBFSManager1Setup.vdproj", "{463F17C3-378C-4712-991E-A34562103526}"
EndProject
Project("{8BC9CEB8-8B4A-11D0-8D11-00A0C91BC942}") = "libwbfs", "libwbfs\libwbfs.vcproj", "{6D70B4AB-53E0-4C08-8345-DF95820990E7}"
EndProject
Project("{8BC9CEB8-8B4A-11D0-8D11-00A0C91BC942}") = "libwbfsNETwrapper", "libwbfsNETwrapper\libwbfsNETwrapper.vcproj", "{C80EA20B-021F-4CEF-9C1D-472EFA7254DB}"
	ProjectSection(ProjectDependencies) = postProject
		{6D70B4AB-53E0-4C08-8345-DF95820990E7} = {6D70B4AB-53E0-4C08-8345-DF95820990E7}
	EndProjectSection
EndProject
Project("{FAE04EC0-301F-11D3-BF4B-00C04F79EFBC}") = "libwbfsNET", "libwbfsNET\libwbfsNET.csproj", "{BDAC622A-4C33-415C-BF6F-DD58C2D2C1A4}"
EndProject
Project("{54435603-DBB4-11D2-8724-00A0C9A8B90C}") = "WBFSManager2-x64", "WBFSManager2-x64\WBFSManager2-x64.vdproj", "{3D01B096-E3BB-4195-A731-42A869B8B421}"
EndProject
Project("{FAE04EC0-301F-11D3-BF4B-00C04F79EFBC}") = "UnRarNET", "UnRarNET\UnRarNET.csproj", "{AA7B7F34-AAD3-495C-B5A7-40548ABC49E4}"
EndProject
Project("{FAE04EC0-301F-11D3-BF4B-00C04F79EFBC}") = "RssUpdater", "RssUpdater\RssUpdater.csproj", "{B7B7C446-2884-497A-A450-948C26B788EB}"
EndProject
Project("{8BC9CEB8-8B4A-11D0-8D11-00A0C91BC942}") = "ChannelCreation", "ChannelCreation\ChannelCreation.vcproj", "{9DFC3AD0-478D-4C5B-ACAB-F5EEC4FDC10E}"
EndProject
Project("{FAE04EC0-301F-11D3-BF4B-00C04F79EFBC}") = "ChannelCreationWrapper", "ChannelCreationWrapper\ChannelCreationWrapper.csproj", "{600528EB-8711-4340-8BD9-6AFADE12A57E}"
EndProject
Project("{8BC9CEB8-8B4A-11D0-8D11-00A0C91BC942}") = "bannerExtractionWrapper", "bannerExtractionWrapper\bannerExtractionWrapper.vcproj", "{75E96086-50DA-4980-9D34-7AB4ED14C9E6}"
EndProject
Project("{2150E333-8FDC-42A3-9474-1A3956D46DE8}") = "libeay64", "libeay64", "{0693A2B1-CFC7-461A-A0B5-929FF97A04B4}"
	ProjectSection(SolutionItems) = preProject
		libeay64\libeay32.dll = libeay64\libeay32.dll
	EndProjectSection
EndProject
Global
	GlobalSection(SubversionScc) = preSolution
		Svn-Managed = True
		Manager = AnkhSVN - Subversion Support for Visual Studio
	EndGlobalSection
	GlobalSection(SolutionConfigurationPlatforms) = preSolution
		Debug|x64 = Debug|x64
		Debug|x64-Installers = Debug|x64-Installers
		Debug|x86 = Debug|x86
		Debug|x86-Installers = Debug|x86-Installers
		Release|x64 = Release|x64
		Release|x64-Installers = Release|x64-Installers
		Release|x86 = Release|x86
		Release|x86-Installers = Release|x86-Installers
	EndGlobalSection
	GlobalSection(ProjectConfigurationPlatforms) = postSolution
		{8FCC6C95-D3A1-4430-947B-FEC9254821E6}.Debug|x64.ActiveCfg = Debug|Any CPU
		{8FCC6C95-D3A1-4430-947B-FEC9254821E6}.Debug|x64.Build.0 = Debug|Any CPU
		{8FCC6C95-D3A1-4430-947B-FEC9254821E6}.Debug|x64-Installers.ActiveCfg = Debug|Any CPU
		{8FCC6C95-D3A1-4430-947B-FEC9254821E6}.Debug|x64-Installers.Build.0 = Debug|Any CPU
		{8FCC6C95-D3A1-4430-947B-FEC9254821E6}.Debug|x86.ActiveCfg = Debug|Any CPU
		{8FCC6C95-D3A1-4430-947B-FEC9254821E6}.Debug|x86.Build.0 = Debug|Any CPU
		{8FCC6C95-D3A1-4430-947B-FEC9254821E6}.Debug|x86-Installers.ActiveCfg = Debug|Any CPU
		{8FCC6C95-D3A1-4430-947B-FEC9254821E6}.Debug|x86-Installers.Build.0 = Debug|Any CPU
		{8FCC6C95-D3A1-4430-947B-FEC9254821E6}.Release|x64.ActiveCfg = Release|Any CPU
		{8FCC6C95-D3A1-4430-947B-FEC9254821E6}.Release|x64.Build.0 = Release|Any CPU
		{8FCC6C95-D3A1-4430-947B-FEC9254821E6}.Release|x64-Installers.ActiveCfg = Release|Any CPU
		{8FCC6C95-D3A1-4430-947B-FEC9254821E6}.Release|x64-Installers.Build.0 = Release|Any CPU
		{8FCC6C95-D3A1-4430-947B-FEC9254821E6}.Release|x86.ActiveCfg = Release|Any CPU
		{8FCC6C95-D3A1-4430-947B-FEC9254821E6}.Release|x86.Build.0 = Release|Any CPU
		{8FCC6C95-D3A1-4430-947B-FEC9254821E6}.Release|x86-Installers.ActiveCfg = Release|Any CPU
		{8FCC6C95-D3A1-4430-947B-FEC9254821E6}.Release|x86-Installers.Build.0 = Release|Any CPU
		{463F17C3-378C-4712-991E-A34562103526}.Debug|x64.ActiveCfg = Debug
		{463F17C3-378C-4712-991E-A34562103526}.Debug|x64-Installers.ActiveCfg = Debug
		{463F17C3-378C-4712-991E-A34562103526}.Debug|x86.ActiveCfg = Debug
		{463F17C3-378C-4712-991E-A34562103526}.Debug|x86-Installers.ActiveCfg = Debug
		{463F17C3-378C-4712-991E-A34562103526}.Debug|x86-Installers.Build.0 = Debug
		{463F17C3-378C-4712-991E-A34562103526}.Release|x64.ActiveCfg = Release
		{463F17C3-378C-4712-991E-A34562103526}.Release|x64-Installers.ActiveCfg = Release
		{463F17C3-378C-4712-991E-A34562103526}.Release|x86.ActiveCfg = Release
		{463F17C3-378C-4712-991E-A34562103526}.Release|x86-Installers.ActiveCfg = Release
		{463F17C3-378C-4712-991E-A34562103526}.Release|x86-Installers.Build.0 = Release
		{6D70B4AB-53E0-4C08-8345-DF95820990E7}.Debug|x64.ActiveCfg = Debug|x64
		{6D70B4AB-53E0-4C08-8345-DF95820990E7}.Debug|x64.Build.0 = Debug|x64
		{6D70B4AB-53E0-4C08-8345-DF95820990E7}.Debug|x64-Installers.ActiveCfg = Debug|x64
		{6D70B4AB-53E0-4C08-8345-DF95820990E7}.Debug|x64-Installers.Build.0 = Debug|x64
		{6D70B4AB-53E0-4C08-8345-DF95820990E7}.Debug|x86.ActiveCfg = Debug|Win32
		{6D70B4AB-53E0-4C08-8345-DF95820990E7}.Debug|x86.Build.0 = Debug|Win32
		{6D70B4AB-53E0-4C08-8345-DF95820990E7}.Debug|x86-Installers.ActiveCfg = Debug|Win32
		{6D70B4AB-53E0-4C08-8345-DF95820990E7}.Debug|x86-Installers.Build.0 = Debug|Win32
		{6D70B4AB-53E0-4C08-8345-DF95820990E7}.Release|x64.ActiveCfg = Release|x64
		{6D70B4AB-53E0-4C08-8345-DF95820990E7}.Release|x64.Build.0 = Release|x64
		{6D70B4AB-53E0-4C08-8345-DF95820990E7}.Release|x64-Installers.ActiveCfg = Release|x64
		{6D70B4AB-53E0-4C08-8345-DF95820990E7}.Release|x64-Installers.Build.0 = Release|x64
		{6D70B4AB-53E0-4C08-8345-DF95820990E7}.Release|x86.ActiveCfg = Release|Win32
		{6D70B4AB-53E0-4C08-8345-DF95820990E7}.Release|x86.Build.0 = Release|Win32
		{6D70B4AB-53E0-4C08-8345-DF95820990E7}.Release|x86-Installers.ActiveCfg = Release|Win32
		{6D70B4AB-53E0-4C08-8345-DF95820990E7}.Release|x86-Installers.Build.0 = Release|Win32
		{C80EA20B-021F-4CEF-9C1D-472EFA7254DB}.Debug|x64.ActiveCfg = Debug|x64
		{C80EA20B-021F-4CEF-9C1D-472EFA7254DB}.Debug|x64.Build.0 = Debug|x64
		{C80EA20B-021F-4CEF-9C1D-472EFA7254DB}.Debug|x64-Installers.ActiveCfg = Debug|x64
		{C80EA20B-021F-4CEF-9C1D-472EFA7254DB}.Debug|x64-Installers.Build.0 = Debug|x64
		{C80EA20B-021F-4CEF-9C1D-472EFA7254DB}.Debug|x86.ActiveCfg = Debug|Win32
		{C80EA20B-021F-4CEF-9C1D-472EFA7254DB}.Debug|x86.Build.0 = Debug|Win32
		{C80EA20B-021F-4CEF-9C1D-472EFA7254DB}.Debug|x86-Installers.ActiveCfg = Debug|Win32
		{C80EA20B-021F-4CEF-9C1D-472EFA7254DB}.Debug|x86-Installers.Build.0 = Debug|Win32
		{C80EA20B-021F-4CEF-9C1D-472EFA7254DB}.Release|x64.ActiveCfg = Release|x64
		{C80EA20B-021F-4CEF-9C1D-472EFA7254DB}.Release|x64.Build.0 = Release|x64
		{C80EA20B-021F-4CEF-9C1D-472EFA7254DB}.Release|x64-Installers.ActiveCfg = Release|x64
		{C80EA20B-021F-4CEF-9C1D-472EFA7254DB}.Release|x64-Installers.Build.0 = Release|x64
		{C80EA20B-021F-4CEF-9C1D-472EFA7254DB}.Release|x86.ActiveCfg = Release|Win32
		{C80EA20B-021F-4CEF-9C1D-472EFA7254DB}.Release|x86.Build.0 = Release|Win32
		{C80EA20B-021F-4CEF-9C1D-472EFA7254DB}.Release|x86-Installers.ActiveCfg = Release|Win32
		{C80EA20B-021F-4CEF-9C1D-472EFA7254DB}.Release|x86-Installers.Build.0 = Release|Win32
		{BDAC622A-4C33-415C-BF6F-DD58C2D2C1A4}.Debug|x64.ActiveCfg = Debug|Any CPU
		{BDAC622A-4C33-415C-BF6F-DD58C2D2C1A4}.Debug|x64.Build.0 = Debug|Any CPU
		{BDAC622A-4C33-415C-BF6F-DD58C2D2C1A4}.Debug|x64-Installers.ActiveCfg = Debug|Any CPU
		{BDAC622A-4C33-415C-BF6F-DD58C2D2C1A4}.Debug|x64-Installers.Build.0 = Debug|Any CPU
		{BDAC622A-4C33-415C-BF6F-DD58C2D2C1A4}.Debug|x86.ActiveCfg = Debug|Any CPU
		{BDAC622A-4C33-415C-BF6F-DD58C2D2C1A4}.Debug|x86.Build.0 = Debug|Any CPU
		{BDAC622A-4C33-415C-BF6F-DD58C2D2C1A4}.Debug|x86-Installers.ActiveCfg = Debug|Any CPU
		{BDAC622A-4C33-415C-BF6F-DD58C2D2C1A4}.Debug|x86-Installers.Build.0 = Debug|Any CPU
		{BDAC622A-4C33-415C-BF6F-DD58C2D2C1A4}.Release|x64.ActiveCfg = Release|Any CPU
		{BDAC622A-4C33-415C-BF6F-DD58C2D2C1A4}.Release|x64.Build.0 = Release|Any CPU
		{BDAC622A-4C33-415C-BF6F-DD58C2D2C1A4}.Release|x64-Installers.ActiveCfg = Release|Any CPU
		{BDAC622A-4C33-415C-BF6F-DD58C2D2C1A4}.Release|x64-Installers.Build.0 = Release|Any CPU
		{BDAC622A-4C33-415C-BF6F-DD58C2D2C1A4}.Release|x86.ActiveCfg = Release|Any CPU
		{BDAC622A-4C33-415C-BF6F-DD58C2D2C1A4}.Release|x86.Build.0 = Release|Any CPU
		{BDAC622A-4C33-415C-BF6F-DD58C2D2C1A4}.Release|x86-Installers.ActiveCfg = Release|Any CPU
		{BDAC622A-4C33-415C-BF6F-DD58C2D2C1A4}.Release|x86-Installers.Build.0 = Release|Any CPU
		{3D01B096-E3BB-4195-A731-42A869B8B421}.Debug|x64.ActiveCfg = Debug
		{3D01B096-E3BB-4195-A731-42A869B8B421}.Debug|x64-Installers.ActiveCfg = Debug
		{3D01B096-E3BB-4195-A731-42A869B8B421}.Debug|x64-Installers.Build.0 = Debug
		{3D01B096-E3BB-4195-A731-42A869B8B421}.Debug|x86.ActiveCfg = Debug
		{3D01B096-E3BB-4195-A731-42A869B8B421}.Debug|x86-Installers.ActiveCfg = Debug
		{3D01B096-E3BB-4195-A731-42A869B8B421}.Release|x64.ActiveCfg = Release
		{3D01B096-E3BB-4195-A731-42A869B8B421}.Release|x64-Installers.ActiveCfg = Release
		{3D01B096-E3BB-4195-A731-42A869B8B421}.Release|x64-Installers.Build.0 = Release
		{3D01B096-E3BB-4195-A731-42A869B8B421}.Release|x86.ActiveCfg = Release
		{3D01B096-E3BB-4195-A731-42A869B8B421}.Release|x86-Installers.ActiveCfg = Release
		{AA7B7F34-AAD3-495C-B5A7-40548ABC49E4}.Debug|x64.ActiveCfg = Debug|Any CPU
		{AA7B7F34-AAD3-495C-B5A7-40548ABC49E4}.Debug|x64.Build.0 = Debug|Any CPU
		{AA7B7F34-AAD3-495C-B5A7-40548ABC49E4}.Debug|x64-Installers.ActiveCfg = Debug|Any CPU
		{AA7B7F34-AAD3-495C-B5A7-40548ABC49E4}.Debug|x64-Installers.Build.0 = Debug|Any CPU
		{AA7B7F34-AAD3-495C-B5A7-40548ABC49E4}.Debug|x86.ActiveCfg = Debug|Any CPU
		{AA7B7F34-AAD3-495C-B5A7-40548ABC49E4}.Debug|x86.Build.0 = Debug|Any CPU
		{AA7B7F34-AAD3-495C-B5A7-40548ABC49E4}.Debug|x86-Installers.ActiveCfg = Debug|Any CPU
		{AA7B7F34-AAD3-495C-B5A7-40548ABC49E4}.Debug|x86-Installers.Build.0 = Debug|Any CPU
		{AA7B7F34-AAD3-495C-B5A7-40548ABC49E4}.Release|x64.ActiveCfg = Release|Any CPU
		{AA7B7F34-AAD3-495C-B5A7-40548ABC49E4}.Release|x64.Build.0 = Release|Any CPU
		{AA7B7F34-AAD3-495C-B5A7-40548ABC49E4}.Release|x64-Installers.ActiveCfg = Release|Any CPU
		{AA7B7F34-AAD3-495C-B5A7-40548ABC49E4}.Release|x64-Installers.Build.0 = Release|Any CPU
		{AA7B7F34-AAD3-495C-B5A7-40548ABC49E4}.Release|x86.ActiveCfg = Release|Any CPU
		{AA7B7F34-AAD3-495C-B5A7-40548ABC49E4}.Release|x86.Build.0 = Release|Any CPU
		{AA7B7F34-AAD3-495C-B5A7-40548ABC49E4}.Release|x86-Installers.ActiveCfg = Release|Any CPU
		{AA7B7F34-AAD3-495C-B5A7-40548ABC49E4}.Release|x86-Installers.Build.0 = Release|Any CPU
		{B7B7C446-2884-497A-A450-948C26B788EB}.Debug|x64.ActiveCfg = Debug|Any CPU
		{B7B7C446-2884-497A-A450-948C26B788EB}.Debug|x64.Build.0 = Debug|Any CPU
		{B7B7C446-2884-497A-A450-948C26B788EB}.Debug|x64-Installers.ActiveCfg = Debug|Any CPU
		{B7B7C446-2884-497A-A450-948C26B788EB}.Debug|x64-Installers.Build.0 = Debug|Any CPU
		{B7B7C446-2884-497A-A450-948C26B788EB}.Debug|x86.ActiveCfg = Debug|Any CPU
		{B7B7C446-2884-497A-A450-948C26B788EB}.Debug|x86.Build.0 = Debug|Any CPU
		{B7B7C446-2884-497A-A450-948C26B788EB}.Debug|x86-Installers.ActiveCfg = Debug|Any CPU
		{B7B7C446-2884-497A-A450-948C26B788EB}.Debug|x86-Installers.Build.0 = Debug|Any CPU
		{B7B7C446-2884-497A-A450-948C26B788EB}.Release|x64.ActiveCfg = Release|Any CPU
		{B7B7C446-2884-497A-A450-948C26B788EB}.Release|x64.Build.0 = Release|Any CPU
		{B7B7C446-2884-497A-A450-948C26B788EB}.Release|x64-Installers.ActiveCfg = Release|Any CPU
		{B7B7C446-2884-497A-A450-948C26B788EB}.Release|x64-Installers.Build.0 = Release|Any CPU
		{B7B7C446-2884-497A-A450-948C26B788EB}.Release|x86.ActiveCfg = Release|Any CPU
		{B7B7C446-2884-497A-A450-948C26B788EB}.Release|x86.Build.0 = Release|Any CPU
		{B7B7C446-2884-497A-A450-948C26B788EB}.Release|x86-Installers.ActiveCfg = Release|Any CPU
		{B7B7C446-2884-497A-A450-948C26B788EB}.Release|x86-Installers.Build.0 = Release|Any CPU
		{9DFC3AD0-478D-4C5B-ACAB-F5EEC4FDC10E}.Debug|x64.ActiveCfg = Debug|x64
		{9DFC3AD0-478D-4C5B-ACAB-F5EEC4FDC10E}.Debug|x64.Build.0 = Debug|x64
		{9DFC3AD0-478D-4C5B-ACAB-F5EEC4FDC10E}.Debug|x64-Installers.ActiveCfg = Debug|x64
		{9DFC3AD0-478D-4C5B-ACAB-F5EEC4FDC10E}.Debug|x64-Installers.Build.0 = Debug|x64
		{9DFC3AD0-478D-4C5B-ACAB-F5EEC4FDC10E}.Debug|x86.ActiveCfg = Debug|Win32
		{9DFC3AD0-478D-4C5B-ACAB-F5EEC4FDC10E}.Debug|x86.Build.0 = Debug|Win32
		{9DFC3AD0-478D-4C5B-ACAB-F5EEC4FDC10E}.Debug|x86-Installers.ActiveCfg = Debug|Win32
		{9DFC3AD0-478D-4C5B-ACAB-F5EEC4FDC10E}.Debug|x86-Installers.Build.0 = Debug|Win32
		{9DFC3AD0-478D-4C5B-ACAB-F5EEC4FDC10E}.Release|x64.ActiveCfg = Release|x64
		{9DFC3AD0-478D-4C5B-ACAB-F5EEC4FDC10E}.Release|x64.Build.0 = Release|x64
		{9DFC3AD0-478D-4C5B-ACAB-F5EEC4FDC10E}.Release|x64-Installers.ActiveCfg = Release|x64
		{9DFC3AD0-478D-4C5B-ACAB-F5EEC4FDC10E}.Release|x64-Installers.Build.0 = Release|x64
		{9DFC3AD0-478D-4C5B-ACAB-F5EEC4FDC10E}.Release|x86.ActiveCfg = Release|Win32
		{9DFC3AD0-478D-4C5B-ACAB-F5EEC4FDC10E}.Release|x86.Build.0 = Release|Win32
		{9DFC3AD0-478D-4C5B-ACAB-F5EEC4FDC10E}.Release|x86-Installers.ActiveCfg = Release|Win32
		{9DFC3AD0-478D-4C5B-ACAB-F5EEC4FDC10E}.Release|x86-Installers.Build.0 = Release|Win32
		{600528EB-8711-4340-8BD9-6AFADE12A57E}.Debug|x64.ActiveCfg = Debug|Any CPU
		{600528EB-8711-4340-8BD9-6AFADE12A57E}.Debug|x64.Build.0 = Debug|Any CPU
		{600528EB-8711-4340-8BD9-6AFADE12A57E}.Debug|x64-Installers.ActiveCfg = Debug|Any CPU
		{600528EB-8711-4340-8BD9-6AFADE12A57E}.Debug|x64-Installers.Build.0 = Debug|Any CPU
		{600528EB-8711-4340-8BD9-6AFADE12A57E}.Debug|x86.ActiveCfg = Debug|Any CPU
		{600528EB-8711-4340-8BD9-6AFADE12A57E}.Debug|x86.Build.0 = Debug|Any CPU
		{600528EB-8711-4340-8BD9-6AFADE12A57E}.Debug|x86-Installers.ActiveCfg = Debug|Any CPU
		{600528EB-8711-4340-8BD9-6AFADE12A57E}.Debug|x86-Installers.Build.0 = Debug|Any CPU
		{600528EB-8711-4340-8BD9-6AFADE12A57E}.Release|x64.ActiveCfg = Release|Any CPU
		{600528EB-8711-4340-8BD9-6AFADE12A57E}.Release|x64.Build.0 = Release|Any CPU
		{600528EB-8711-4340-8BD9-6AFADE12A57E}.Release|x64-Installers.ActiveCfg = Release|Any CPU
		{600528EB-8711-4340-8BD9-6AFADE12A57E}.Release|x64-Installers.Build.0 = Release|Any CPU
		{600528EB-8711-4340-8BD9-6AFADE12A57E}.Release|x86.ActiveCfg = Release|Any CPU
		{600528EB-8711-4340-8BD9-6AFADE12A57E}.Release|x86.Build.0 = Release|Any CPU
		{600528EB-8711-4340-8BD9-6AFADE12A57E}.Release|x86-Installers.ActiveCfg = Release|Any CPU
		{600528EB-8711-4340-8BD9-6AFADE12A57E}.Release|x86-Installers.Build.0 = Release|Any CPU
		{75E96086-50DA-4980-9D34-7AB4ED14C9E6}.Debug|x64.ActiveCfg = Debug|x64
		{75E96086-50DA-4980-9D34-7AB4ED14C9E6}.Debug|x64.Build.0 = Debug|x64
		{75E96086-50DA-4980-9D34-7AB4ED14C9E6}.Debug|x64-Installers.ActiveCfg = Debug|x64
		{75E96086-50DA-4980-9D34-7AB4ED14C9E6}.Debug|x64-Installers.Build.0 = Debug|x64
		{75E96086-50DA-4980-9D34-7AB4ED14C9E6}.Debug|x86.ActiveCfg = Debug|Win32
		{75E96086-50DA-4980-9D34-7AB4ED14C9E6}.Debug|x86.Build.0 = Debug|Win32
		{75E96086-50DA-4980-9D34-7AB4ED14C9E6}.Debug|x86-Installers.ActiveCfg = Debug|Win32
		{75E96086-50DA-4980-9D34-7AB4ED14C9E6}.Debug|x86-Installers.Build.0 = Debug|Win32
		{75E96086-50DA-4980-9D34-7AB4ED14C9E6}.Release|x64.ActiveCfg = Release|x64
		{75E96086-50DA-4980-9D34-7AB4ED14C9E6}.Release|x64.Build.0 = Release|x64
		{75E96086-50DA-4980-9D34-7AB4ED14C9E6}.Release|x64-Installers.ActiveCfg = Release|x64
		{75E96086-50DA-4980-9D34-7AB4ED14C9E6}.Release|x64-Installers.Build.0 = Release|x64
		{75E96086-50DA-4980-9D34-7AB4ED14C9E6}.Release|x86.ActiveCfg = Release|Win32
		{75E96086-50DA-4980-9D34-7AB4ED14C9E6}.Release|x86.Build.0 = Release|Win32
		{75E96086-50DA-4980-9D34-7AB4ED14C9E6}.Release|x86-Installers.ActiveCfg = Release|Win32
		{75E96086-50DA-4980-9D34-7AB4ED14C9E6}.Release|x86-Installers.Build.0 = Release|Win32
	EndGlobalSection
	GlobalSection(SolutionProperties) = preSolution
		HideSolutionNode = FALSE
	EndGlobalSection
EndGlobal
